version = 1
revision = 3
requires-python = ">=3.14"

[[package]]
name = "ajishio"
version = "0.1.0"
source = { editable = "." }
dependencies = [
    { name = "fastquadtree" },
    { name = "pygame-ce" },
]

[package.metadata]
requires-dist = [
    { name = "fastquadtree", specifier = ">=2.1.1" },
    { name = "pygame-ce" },
]

[[package]]
name = "fastquadtree"
version = "2.1.1"
source = { registry = "https://pypi.org/simple" }
sdist = { url = "https://files.pythonhosted.org/packages/57/01/561421dcc185bce07c5152350772e46842d95d329b27833bd1f84841af28/fastquadtree-2.1.1.tar.gz", hash = "sha256:93e89ea1faa60a3632179d5c72a89e7f9620568432a7149ee6a9211e76c19382", size = 910157, upload-time = "2026-01-22T04:35:55.367Z" }
wheels = [
    { url = "https://files.pythonhosted.org/packages/48/3b/dfd3f63a84245be2bfabf54d7c646945830767ff949cd71ada4083889fac/fastquadtree-2.1.1-cp39-abi3-macosx_10_12_x86_64.macosx_11_0_arm64.macosx_10_12_universal2.whl", hash = "sha256:764ef73d54b9a434bb51afd1dc06c3818a8a160ef2d4451e169827f6d126d1b0", size = 737016, upload-time = "2026-01-22T04:36:01.429Z" },
    { url = "https://files.pythonhosted.org/packages/60/59/e8e2af051d06493e1ae34e21d901795173b8e56ec480a21e708ad409d0f2/fastquadtree-2.1.1-cp39-abi3-manylinux_2_28_aarch64.whl", hash = "sha256:983dfc7eb08f0ee8fa7123b6dd7ba96a470cfd772e4ef75829bba74651c7098c", size = 397608, upload-time = "2026-01-22T04:35:59.057Z" },
    { url = "https://files.pythonhosted.org/packages/4b/3a/1b88b5cad06b966462dcab292a8fe184c177ec2471631b829bf7b6364196/fastquadtree-2.1.1-cp39-abi3-manylinux_2_28_armv7l.whl", hash = "sha256:30892a8de067967a3de766e098f3ee1af462304181f106899ef678aa6e646cd3", size = 445050, upload-time = "2026-01-22T04:35:50.918Z" },
    { url = "https://files.pythonhosted.org/packages/bc/5c/c9263654394af4f0843fe092195c9bd4db1bdfb40797fa8244cf2e95273d/fastquadtree-2.1.1-cp39-abi3-manylinux_2_28_x86_64.whl", hash = "sha256:65dff748eff1ecf7e81e5f9e9e0a89fcf787ca667e2fbcdcfeeeff129d0981e5", size = 422748, upload-time = "2026-01-22T04:35:52.402Z" },
    { url = "https://files.pythonhosted.org/packages/85/ac/8d84d2a75ee8c244d27c36c2959d21beb29a1340c83b1b5981d3fa7f58d4/fastquadtree-2.1.1-cp39-abi3-win_amd64.whl", hash = "sha256:90bda4f1f3f74d0bbefd37d81f27f16a9ea16e1313fad860bd0de14e0ab183d9", size = 310687, upload-time = "2026-01-22T04:35:56.614Z" },
]

[[package]]
name = "pygame-ce"
version = "2.5.7"
source = { registry = "https://pypi.org/simple" }
sdist = { url = "https://files.pythonhosted.org/packages/e9/0d/bb6a6fdf1b227c0bb9a44437a70962a3854bcc541533c261e5021a5ee691/pygame_ce-2.5.7.tar.gz", hash = "sha256:86beb797cd73c141299a29b56f7df2b0543fbdc81d428022458329ff694aaa51", size = 5935870, upload-time = "2026-03-02T09:26:59.005Z" }
wheels = [
    { url = "https://files.pythonhosted.org/packages/26/08/9fe0003d69077ff8faff242a85260b8a192d3b7111c02332b8b2f515d40c/pygame_ce-2.5.7-cp314-cp314-macosx_10_15_universal2.whl", hash = "sha256:addfbf7d119647eec157d611f463e5d572836fa74d0d222c59210294ed618b9d", size = 17211017, upload-time = "2026-03-02T09:26:30.243Z" },
    { url = "https://files.pythonhosted.org/packages/40/c7/217c5430c8c612879162beb2d18cb10ad8b1b4db6ce03245289a3de6bc1b/pygame_ce-2.5.7-cp314-cp314-manylinux2014_aarch64.manylinux_2_17_aarch64.whl", hash = "sha256:1c92feb289e34ac323a7b62b91d230a4e32b44059c4d7fb95631e504b1d9b365", size = 12710845, upload-time = "2026-03-02T09:26:33.165Z" },
    { url = "https://files.pythonhosted.org/packages/00/a4/6fb0054bfb2522c4ad3ff82ecbc9c1a3c6694c50d24f2451717121636a1d/pygame_ce-2.5.7-cp314-cp314-manylinux2014_x86_64.manylinux_2_17_x86_64.whl", hash = "sha256:5c1ed4100311015cc67d24fe4e4d7c2f4cb25c34e043545061271c1d018c02d4", size = 12812020, upload-time = "2026-03-02T09:26:35.953Z" },
    { url = "https://files.pythonhosted.org/packages/a2/9b/0e0996573a9dd4bb34874c10643224a72372818242e07486c9eb4a22eebb/pygame_ce-2.5.7-cp314-cp314-win32.whl", hash = "sha256:1b7e641af3aeac92bb7e4df1402d6802271f4bd09c747d2665f154ef9b07a4e6", size = 9968590, upload-time = "2026-03-02T09:26:38.517Z" },
    { url = "https://files.pythonhosted.org/packages/96/96/c94d0e508954093e37a77b03101a3cf51a242e02cc0ec726edcb117f8885/pygame_ce-2.5.7-cp314-cp314-win_amd64.whl", hash = "sha256:595f4257c15fed11cd816ae0bfabad3d99f8f04a000d7d164a22c0f9afd6cb65", size = 10581240, upload-time = "2026-03-02T09:26:41.139Z" },
    { url = "https://files.pythonhosted.org/packages/81/bb/93c5dadb66ac9733ca52952e063cce117a9312d6f97facd5dc4932f3d777/pygame_ce-2.5.7-cp314-cp314-win_arm64.whl", hash = "sha256:3e6ce74fd5a5f146f1bcf0224ae3e880c733917a9edbb53f790329d235520433", size = 11057480, upload-time = "2026-03-02T09:26:43.871Z" },
]
