version = 1
revision = 3
requires-python = ">=3.14"

[[package]]
name = "aiosqlite"
version = "0.22.1"
source = { registry = "https://pypi.org/simple" }
sdist = { url = "https://files.pythonhosted.org/packages/4e/8a/64761f4005f17809769d23e518d915db74e6310474e733e3593cfc854ef1/aiosqlite-0.22.1.tar.gz", hash = "sha256:043e0bd78d32888c0a9ca90fc788b38796843360c855a7262a532813133a0650", size = 14821, upload-time = "2025-12-23T19:25:43.997Z" }
wheels = [
    { url = "https://files.pythonhosted.org/packages/00/b7/e3bf5133d697a08128598c8d0abc5e16377b51465a33756de24fa7dee953/aiosqlite-0.22.1-py3-none-any.whl", hash = "sha256:21c002eb13823fad740196c5a2e9d8e62f6243bd9e7e4a1f87fb5e44ecb4fceb", size = 17405, upload-time = "2025-12-23T19:25:42.139Z" },
]

[[package]]
name = "argon2-cffi"
version = "25.1.0"
source = { registry = "https://pypi.org/simple" }
dependencies = [
    { name = "argon2-cffi-bindings" },
]
sdist = { url = "https://files.pythonhosted.org/packages/0e/89/ce5af8a7d472a67cc819d5d998aa8c82c5d860608c4db9f46f1162d7dab9/argon2_cffi-25.1.0.tar.gz", hash = "sha256:694ae5cc8a42f4c4e2bf2ca0e64e51e23a040c6a517a85074683d3959e1346c1", size = 45706, upload-time = "2025-06-03T06:55:32.073Z" }
wheels = [
    { url = "https://files.pythonhosted.org/packages/4f/d3/a8b22fa575b297cd6e3e3b0155c7e25db170edf1c74783d6a31a2490b8d9/argon2_cffi-25.1.0-py3-none-any.whl", hash = "sha256:fdc8b074db390fccb6eb4a3604ae7231f219aa669a2652e0f20e16ba513d5741", size = 14657, upload-time = "2025-06-03T06:55:30.804Z" },
]

[[package]]
name = "argon2-cffi-bindings"
version = "25.1.0"
source = { registry = "https://pypi.org/simple" }
dependencies = [
    { name = "cffi" },
]
sdist = { url = "https://files.pythonhosted.org/packages/5c/2d/db8af0df73c1cf454f71b2bbe5e356b8c1f8041c979f505b3d3186e520a9/argon2_cffi_bindings-25.1.0.tar.gz", hash = "sha256:b957f3e6ea4d55d820e40ff76f450952807013d361a65d7f28acc0acbf29229d", size = 1783441, upload-time = "2025-07-30T10:02:05.147Z" }
wheels = [
    { url = "https://files.pythonhosted.org/packages/60/97/3c0a35f46e52108d4707c44b95cfe2afcafc50800b5450c197454569b776/argon2_cffi_bindings-25.1.0-cp314-cp314t-macosx_10_13_universal2.whl", hash = "sha256:3d3f05610594151994ca9ccb3c771115bdb4daef161976a266f0dd8aa9996b8f", size = 54393, upload-time = "2025-07-30T10:01:40.97Z" },
    { url = "https://files.pythonhosted.org/packages/9d/f4/98bbd6ee89febd4f212696f13c03ca302b8552e7dbf9c8efa11ea4a388c3/argon2_cffi_bindings-25.1.0-cp314-cp314t-macosx_10_13_x86_64.whl", hash = "sha256:8b8efee945193e667a396cbc7b4fb7d357297d6234d30a489905d96caabde56b", size = 29328, upload-time = "2025-07-30T10:01:41.916Z" },
    { url = "https://files.pythonhosted.org/packages/43/24/90a01c0ef12ac91a6be05969f29944643bc1e5e461155ae6559befa8f00b/argon2_cffi_bindings-25.1.0-cp314-cp314t-macosx_11_0_arm64.whl", hash = "sha256:3c6702abc36bf3ccba3f802b799505def420a1b7039862014a65db3205967f5a", size = 31269, upload-time = "2025-07-30T10:01:42.716Z" },
    { url = "https://files.pythonhosted.org/packages/d4/d3/942aa10782b2697eee7af5e12eeff5ebb325ccfb86dd8abda54174e377e4/argon2_cffi_bindings-25.1.0-cp314-cp314t-manylinux_2_26_aarch64.manylinux_2_28_aarch64.whl", hash = "sha256:a1c70058c6ab1e352304ac7e3b52554daadacd8d453c1752e547c76e9c99ac44", size = 86558, upload-time = "2025-07-30T10:01:43.943Z" },
    { url = "https://files.pythonhosted.org/packages/0d/82/b484f702fec5536e71836fc2dbc8c5267b3f6e78d2d539b4eaa6f0db8bf8/argon2_cffi_bindings-25.1.0-cp314-cp314t-manylinux_2_26_x86_64.manylinux_2_28_x86_64.whl", hash = "sha256:e2fd3bfbff3c5d74fef31a722f729bf93500910db650c925c2d6ef879a7e51cb", size = 92364, upload-time = "2025-07-30T10:01:44.887Z" },
    { url = "https://files.pythonhosted.org/packages/c9/c1/a606ff83b3f1735f3759ad0f2cd9e038a0ad11a3de3b6c673aa41c24bb7b/argon2_cffi_bindings-25.1.0-cp314-cp314t-musllinux_1_2_aarch64.whl", hash = "sha256:c4f9665de60b1b0e99bcd6be4f17d90339698ce954cfd8d9cf4f91c995165a92", size = 85637, upload-time = "2025-07-30T10:01:46.225Z" },
    { url = "https://files.pythonhosted.org/packages/44/b4/678503f12aceb0262f84fa201f6027ed77d71c5019ae03b399b97caa2f19/argon2_cffi_bindings-25.1.0-cp314-cp314t-musllinux_1_2_x86_64.whl", hash = "sha256:ba92837e4a9aa6a508c8d2d7883ed5a8f6c308c89a4790e1e447a220deb79a85", size = 91934, upload-time = "2025-07-30T10:01:47.203Z" },
    { url = "https://files.pythonhosted.org/packages/f0/c7/f36bd08ef9bd9f0a9cff9428406651f5937ce27b6c5b07b92d41f91ae541/argon2_cffi_bindings-25.1.0-cp314-cp314t-win32.whl", hash = "sha256:84a461d4d84ae1295871329b346a97f68eade8c53b6ed9a7ca2d7467f3c8ff6f", size = 28158, upload-time = "2025-07-30T10:01:48.341Z" },
    { url = "https://files.pythonhosted.org/packages/b3/80/0106a7448abb24a2c467bf7d527fe5413b7fdfa4ad6d6a96a43a62ef3988/argon2_cffi_bindings-25.1.0-cp314-cp314t-win_amd64.whl", hash = "sha256:b55aec3565b65f56455eebc9b9f34130440404f27fe21c3b375bf1ea4d8fbae6", size = 32597, upload-time = "2025-07-30T10:01:49.112Z" },
    { url = "https://files.pythonhosted.org/packages/05/b8/d663c9caea07e9180b2cb662772865230715cbd573ba3b5e81793d580316/argon2_cffi_bindings-25.1.0-cp314-cp314t-win_arm64.whl", hash = "sha256:87c33a52407e4c41f3b70a9c2d3f6056d88b10dad7695be708c5021673f55623", size = 28231, upload-time = "2025-07-30T10:01:49.92Z" },
    { url = "https://files.pythonhosted.org/packages/1d/57/96b8b9f93166147826da5f90376e784a10582dd39a393c99bb62cfcf52f0/argon2_cffi_bindings-25.1.0-cp39-abi3-macosx_10_9_universal2.whl", hash = "sha256:aecba1723ae35330a008418a91ea6cfcedf6d31e5fbaa056a166462ff066d500", size = 54121, upload-time = "2025-07-30T10:01:50.815Z" },
    { url = "https://files.pythonhosted.org/packages/0a/08/a9bebdb2e0e602dde230bdde8021b29f71f7841bd54801bcfd514acb5dcf/argon2_cffi_bindings-25.1.0-cp39-abi3-macosx_10_9_x86_64.whl", hash = "sha256:2630b6240b495dfab90aebe159ff784d08ea999aa4b0d17efa734055a07d2f44", size = 29177, upload-time = "2025-07-30T10:01:51.681Z" },
    { url = "https://files.pythonhosted.org/packages/b6/02/d297943bcacf05e4f2a94ab6f462831dc20158614e5d067c35d4e63b9acb/argon2_cffi_bindings-25.1.0-cp39-abi3-macosx_11_0_arm64.whl", hash = "sha256:7aef0c91e2c0fbca6fc68e7555aa60ef7008a739cbe045541e438373bc54d2b0", size = 31090, upload-time = "2025-07-30T10:01:53.184Z" },
    { url = "https://files.pythonhosted.org/packages/c1/93/44365f3d75053e53893ec6d733e4a5e3147502663554b4d864587c7828a7/argon2_cffi_bindings-25.1.0-cp39-abi3-manylinux_2_26_aarch64.manylinux_2_28_aarch64.whl", hash = "sha256:1e021e87faa76ae0d413b619fe2b65ab9a037f24c60a1e6cc43457ae20de6dc6", size = 81246, upload-time = "2025-07-30T10:01:54.145Z" },
    { url = "https://files.pythonhosted.org/packages/09/52/94108adfdd6e2ddf58be64f959a0b9c7d4ef2fa71086c38356d22dc501ea/argon2_cffi_bindings-25.1.0-cp39-abi3-manylinux_2_26_x86_64.manylinux_2_28_x86_64.whl", hash = "sha256:d3e924cfc503018a714f94a49a149fdc0b644eaead5d1f089330399134fa028a", size = 87126, upload-time = "2025-07-30T10:01:55.074Z" },
    { url = "https://files.pythonhosted.org/packages/72/70/7a2993a12b0ffa2a9271259b79cc616e2389ed1a4d93842fac5a1f923ffd/argon2_cffi_bindings-25.1.0-cp39-abi3-musllinux_1_2_aarch64.whl", hash = "sha256:c87b72589133f0346a1cb8d5ecca4b933e3c9b64656c9d175270a000e73b288d", size = 80343, upload-time = "2025-07-30T10:01:56.007Z" },
    { url = "https://files.pythonhosted.org/packages/78/9a/4e5157d893ffc712b74dbd868c7f62365618266982b64accab26bab01edc/argon2_cffi_bindings-25.1.0-cp39-abi3-musllinux_1_2_x86_64.whl", hash = "sha256:1db89609c06afa1a214a69a462ea741cf735b29a57530478c06eb81dd403de99", size = 86777, upload-time = "2025-07-30T10:01:56.943Z" },
    { url = "https://files.pythonhosted.org/packages/74/cd/15777dfde1c29d96de7f18edf4cc94c385646852e7c7b0320aa91ccca583/argon2_cffi_bindings-25.1.0-cp39-abi3-win32.whl", hash = "sha256:473bcb5f82924b1becbb637b63303ec8d10e84c8d241119419897a26116515d2", size = 27180, upload-time = "2025-07-30T10:01:57.759Z" },
    { url = "https://files.pythonhosted.org/packages/e2/c6/a759ece8f1829d1f162261226fbfd2c6832b3ff7657384045286d2afa384/argon2_cffi_bindings-25.1.0-cp39-abi3-win_amd64.whl", hash = "sha256:a98cd7d17e9f7ce244c0803cad3c23a7d379c301ba618a5fa76a67d116618b98", size = 31715, upload-time = "2025-07-30T10:01:58.56Z" },
    { url = "https://files.pythonhosted.org/packages/42/b9/f8d6fa329ab25128b7e98fd83a3cb34d9db5b059a9847eddb840a0af45dd/argon2_cffi_bindings-25.1.0-cp39-abi3-win_arm64.whl", hash = "sha256:b0fdbcf513833809c882823f98dc2f931cf659d9a1429616ac3adebb49f5db94", size = 27149, upload-time = "2025-07-30T10:01:59.329Z" },
]

[[package]]
name = "cffi"
version = "2.1.1"
source = { registry = "https://pypi.org/simple" }
dependencies = [
    { name = "pycparser", marker = "implementation_name != 'PyPy'" },
]
sdist = { url = "https://files.pythonhosted.org/packages/9e/ef/008a1939e372c06329a3fce4279c02f328488f3526744906eeec3da7ad5f/cffi-2.1.1.tar.gz", hash = "sha256:dd31f52ea1086513bb9df30f8fcee9b8918323ae067a3d5b78bc826a000712be", size = 530807, upload-time = "2026-08-03T21:21:18.939Z" }
wheels = [
    { url = "https://files.pythonhosted.org/packages/d3/7b/d6bbf82b8b96e7391438898c42f5bd96dd02030fd5b64937d248220003e2/cffi-2.1.1-cp314-cp314-ios_13_0_arm64_iphoneos.whl", hash = "sha256:7dbb61fe3a7699468030f71bbe5f8a0e326a151daa91beb11a6fc1f980c55e1c", size = 194064, upload-time = "2026-08-03T21:20:17.148Z" },
    { url = "https://files.pythonhosted.org/packages/94/e6/bcc91b283be94735e268487a054004f0aa19947b6348fa367db53230abc8/cffi-2.1.1-cp314-cp314-ios_13_0_arm64_iphonesimulator.whl", hash = "sha256:f24fb43132a4c6b4cb4eb029492919b2db645be6808d738f244fd146c03c32cb", size = 196720, upload-time = "2026-08-03T21:20:18.268Z" },
    { url = "https://files.pythonhosted.org/packages/d9/99/c4b0c17cacdc9c3b8f280026286a9826d6a208c0f047591a3c3ce99b91fd/cffi-2.1.1-cp314-cp314-macosx_10_15_x86_64.whl", hash = "sha256:d28630f5854ab07ab1fd4aba756de52326c82e6be15d414b12793f1975048b54", size = 184964, upload-time = "2026-08-03T21:20:19.708Z" },
    { url = "https://files.pythonhosted.org/packages/b3/a9/9db617d05d7367c1ad0ab00b3aa6e6f9281edd689b4ee9ea0e5a84e89c97/cffi-2.1.1-cp314-cp314-macosx_11_0_arm64.whl", hash = "sha256:661c298b4821edebead0c91edd2b00374d67ad7c5a1f7a91d4442633b79d6a72", size = 184962, upload-time = "2026-08-03T21:20:20.833Z" },
    { url = "https://files.pythonhosted.org/packages/67/b8/b42132ca113dc567d37684437b46ca1dafc885902b02a110a02d5b511857/cffi-2.1.1-cp314-cp314-manylinux2014_aarch64.manylinux_2_17_aarch64.whl", hash = "sha256:58acb8ab8e295e6c5ea12f888cbb13cf21511ef2a3303a23f4325c29d17fe5c1", size = 222328, upload-time = "2026-08-03T21:20:22.118Z" },
    { url = "https://files.pythonhosted.org/packages/80/10/c5c0cbf0a657aecf59ef511409734230bf556f05a0d6c9eed7aa5c0a0166/cffi-2.1.1-cp314-cp314-manylinux2014_ppc64le.manylinux_2_17_ppc64le.whl", hash = "sha256:456a61fa52d579ebf9df2e9552ead5129855dbaff6c1e5a9b1bc408809bdc062", size = 209985, upload-time = "2026-08-03T21:20:23.401Z" },
    { url = "https://files.pythonhosted.org/packages/d5/6c/bfa0b87b03b9238148beca990292843c9396ba069b54496596594173de7b/cffi-2.1.1-cp314-cp314-manylinux2014_s390x.manylinux_2_17_s390x.whl", hash = "sha256:a4f00aa42f75d6e4595e8866e748cc1705adc0cddfeb2ca86d0d03993d63ba03", size = 208530, upload-time = "2026-08-03T21:20:24.628Z" },
    { url = "https://files.pythonhosted.org/packages/e9/02/4e7d553a7ac4b4238b38b3c1b80d486e9d4436f8d2acbf87a0997fe3f402/cffi-2.1.1-cp314-cp314-manylinux2014_x86_64.manylinux_2_17_x86_64.whl", hash = "sha256:b0431303acaea1089ad4b3e9ce4e6518193def1118d4073ca848635ee4ea2e96", size = 221525, upload-time = "2026-08-03T21:20:25.758Z" },
    { url = "https://files.pythonhosted.org/packages/82/1d/a4aaf9babd75acb4d5f223bff71533bee748dd770a382619a798960ee9ba/cffi-2.1.1-cp314-cp314-musllinux_1_2_aarch64.whl", hash = "sha256:64faea20f4e2613363a1a9b9c7dd73058f3ecd00133a511e72ad7c511658f527", size = 225053, upload-time = "2026-08-03T21:20:26.985Z" },
    { url = "https://files.pythonhosted.org/packages/81/10/5dc0e7bdd18e22107054288283380fc97a06ae3f1656a106908d666a3c88/cffi-2.1.1-cp314-cp314-musllinux_1_2_x86_64.whl", hash = "sha256:5c58fe613dc5e5336357eff555824a314d8e43282600435c8d1cb6a7a2fedd13", size = 223213, upload-time = "2026-08-03T21:20:28.277Z" },
    { url = "https://files.pythonhosted.org/packages/0b/e9/d0061c364cde06ee43168a0d076ac1da512cbc380d44767b844ba34fe2b6/cffi-2.1.1-cp314-cp314-win32.whl", hash = "sha256:1a18a57b58cfb21fc28d72e876acf10eaed67a1ed96226f92af4df681d571c4c", size = 177682, upload-time = "2026-08-03T21:20:44.288Z" },
    { url = "https://files.pythonhosted.org/packages/a7/06/1c3e01e3ba14c39f6d10bfbac52753b7e22259e38088e5cfe1d704918690/cffi-2.1.1-cp314-cp314-win_amd64.whl", hash = "sha256:3222ba5d678f80a030e6afbcc33dc1ae5cb45facabb61cee2c7016b8432fde48", size = 187949, upload-time = "2026-08-03T21:20:45.623Z" },
    { url = "https://files.pythonhosted.org/packages/87/5b/da4e39efe18eeb89cf580ea9cfc66b6a7c3eadb808fc0cc1d3a295cb5a5d/cffi-2.1.1-cp314-cp314-win_arm64.whl", hash = "sha256:ab36d55f9ed2d067327667c2fea18dda018eb628dd6347aa01dda6cf1f5d3836", size = 182947, upload-time = "2026-08-03T21:20:46.955Z" },
    { url = "https://files.pythonhosted.org/packages/23/59/40338bf421c5accea1d45158170c87006ef1cd371b05c077e76476949728/cffi-2.1.1-cp314-cp314t-macosx_10_15_x86_64.whl", hash = "sha256:7750c6449dff7864bb9bb27ddfb0267756189201a3afc911d82b3caacd70dfc3", size = 188504, upload-time = "2026-08-03T21:20:29.495Z" },
    { url = "https://files.pythonhosted.org/packages/7d/47/5ecf1023850036e674c77ec4de86182d309ae344e39e7cba984b7df5d647/cffi-2.1.1-cp314-cp314t-macosx_11_0_arm64.whl", hash = "sha256:0beceaabe56af686895136a2de78db54ecd8e4046b236b8fd6d6cb61389e9bf2", size = 188259, upload-time = "2026-08-03T21:20:31.291Z" },
    { url = "https://files.pythonhosted.org/packages/2a/9c/92934c3bea9f785b23eba304538c0b4d37a2a96d2431eb3a1bc87a11aa19/cffi-2.1.1-cp314-cp314t-manylinux2014_aarch64.manylinux_2_17_aarch64.whl", hash = "sha256:49cbc70e6542d4ccccb936558d1064a8012541e78f821f955cff24e357776c94", size = 223864, upload-time = "2026-08-03T21:20:32.571Z" },
    { url = "https://files.pythonhosted.org/packages/4d/45/ba4c93527bc38616a8bd36488acb69a2212d60486794f0c1f318949bbb76/cffi-2.1.1-cp314-cp314t-manylinux2014_ppc64le.manylinux_2_17_ppc64le.whl", hash = "sha256:e2d65b31f36619cda3999b78b2aa9632e76b78448e7a56fc4240824200e7c4fc", size = 211538, upload-time = "2026-08-03T21:20:33.808Z" },
    { url = "https://files.pythonhosted.org/packages/80/e9/b6ef565e452acb932fb0cb5443f44a78efbd1233e566f02b5a83855e9115/cffi-2.1.1-cp314-cp314t-manylinux2014_s390x.manylinux_2_17_s390x.whl", hash = "sha256:28907ab9bfb6aa13184cfc17c6b8e1023c5ab6fd7076d8c20a35e59fe04f8f29", size = 210688, upload-time = "2026-08-03T21:20:34.974Z" },
    { url = "https://files.pythonhosted.org/packages/9a/95/eff5f0cee78d2eabc7eebffec40d3fc1876b5f3c95582e018bb4b99601f2/cffi-2.1.1-cp314-cp314t-manylinux2014_x86_64.manylinux_2_17_x86_64.whl", hash = "sha256:51b31d1c98274844cfd7838ce00bfc27c7423a4dc00fc0772fc3331c2cc90676", size = 223803, upload-time = "2026-08-03T21:20:36.564Z" },
    { url = "https://files.pythonhosted.org/packages/fa/01/579d39fb8bef00a335a23d83757b44feb24cd6345a2c451b64cb67b9c362/cffi-2.1.1-cp314-cp314t-musllinux_1_2_aarch64.whl", hash = "sha256:5e7cecbaadb83884793e05828cee59b210b24583b9c7425d0ba6a754fe22eb4e", size = 226763, upload-time = "2026-08-03T21:20:37.816Z" },
    { url = "https://files.pythonhosted.org/packages/8d/b0/0b44f47c60b01b57b6e2bbd92343f13a85a1d93bc46ccf6e47e244acd99c/cffi-2.1.1-cp314-cp314t-musllinux_1_2_x86_64.whl", hash = "sha256:25792eac27877609e7bb06d42ff88278a6624fff2ba9bbb523c09616b117e80f", size = 225688, upload-time = "2026-08-03T21:20:38.959Z" },
    { url = "https://files.pythonhosted.org/packages/eb/d2/3b7176cb570a1d3e27faf67b72f591af508036e0d8b2be2ef9af9e8c84bb/cffi-2.1.1-cp314-cp314t-win32.whl", hash = "sha256:8ef53b2de9bcb9197d31854256575d59dbac0cba72ac627bb291ef5eceb74be4", size = 182868, upload-time = "2026-08-03T21:20:40.388Z" },
    { url = "https://files.pythonhosted.org/packages/56/78/31f00c1bcd97c9bbf55f1bfdf5bc809a5de8887473e90bb9960dca825e80/cffi-2.1.1-cp314-cp314t-win_amd64.whl", hash = "sha256:616f097f2fe415bc92a247f02e11f634e1f9e9a83d327e3c915c15089c87869e", size = 194104, upload-time = "2026-08-03T21:20:41.725Z" },
    { url = "https://files.pythonhosted.org/packages/7b/1b/58496f2ed0a35de575250c02a43ab3cc2c04d494a88fed31c1cabc0fd176/cffi-2.1.1-cp314-cp314t-win_arm64.whl", hash = "sha256:ad2c86c495b899d862ea0f4b42891b8713a3bd45dd4105c7fd51c2a72f39f3a5", size = 186402, upload-time = "2026-08-03T21:20:43.042Z" },
    { url = "https://files.pythonhosted.org/packages/c1/8f/9ebe220eab48a093d1a5a5e339ab0dc7316eef3bb04d63c42f0251b61f50/cffi-2.1.1-cp315-cp315-ios_13_0_arm64_iphoneos.whl", hash = "sha256:dddad92b554513a31f272570678ba307fb9f618f05e3d4a5eacafff9eae03e1d", size = 194043, upload-time = "2026-08-03T21:20:48.179Z" },
    { url = "https://files.pythonhosted.org/packages/ff/69/844bad3ece306c4782c2ecb93597035b6690d48704b803914c199da1e8b3/cffi-2.1.1-cp315-cp315-ios_13_0_arm64_iphonesimulator.whl", hash = "sha256:da0e573f9f97159390c89d9f1a9e41908b66d408cc5b58d08cf3847d844c531b", size = 196737, upload-time = "2026-08-03T21:20:49.457Z" },
    { url = "https://files.pythonhosted.org/packages/1b/8a/af668013284634733f02d683458a0728739c7d6ddb5e14cb0c20832266fe/cffi-2.1.1-cp315-cp315-macosx_10_15_x86_64.whl", hash = "sha256:fb92203a88b3d3053034db775110081c49d28be6551923805e039924093761e4", size = 184933, upload-time = "2026-08-03T21:20:50.639Z" },
    { url = "https://files.pythonhosted.org/packages/0c/75/2f5207ff6d1a613133b23a5203cc0c2a628313b5eb3974d7956ae3c57950/cffi-2.1.1-cp315-cp315-macosx_11_0_arm64.whl", hash = "sha256:2ae64be792b8966f2c69538199728b290e34726562896df1e5dc8ffd8d8188e8", size = 185002, upload-time = "2026-08-03T21:20:52.173Z" },
    { url = "https://files.pythonhosted.org/packages/e2/31/9e1313b0a6e30e91b3b3d3fff51ae99c857c07738e3afcce1f7334e1b7ab/cffi-2.1.1-cp315-cp315-manylinux2014_aarch64.manylinux_2_17_aarch64.whl", hash = "sha256:507a24c282e0f42f8ed737cf048572cbf580468da5555764a8331735e9c736b6", size = 222271, upload-time = "2026-08-03T21:20:53.462Z" },
    { url = "https://files.pythonhosted.org/packages/50/e3/f6234a833e6e08c7007003074723c406559eecf9b48dfc97471e5a8eb7a0/cffi-2.1.1-cp315-cp315-manylinux2014_ppc64le.manylinux_2_17_ppc64le.whl", hash = "sha256:246fa40ce8645a614ff682e0b70f37134e460eaf93a775e0cbe3cca585a67a80", size = 209919, upload-time = "2026-08-03T21:20:54.783Z" },
    { url = "https://files.pythonhosted.org/packages/0d/fc/5f74e293fced6edb51af3a46c4ccf6c23c9943774ecb375ddbd522c76add/cffi-2.1.1-cp315-cp315-manylinux2014_s390x.manylinux_2_17_s390x.whl", hash = "sha256:471cee653ae88de62096552e6d24ccb4a5adb8c8c9f10b5054d0122c15bf2779", size = 208529, upload-time = "2026-08-03T21:20:56.066Z" },
    { url = "https://files.pythonhosted.org/packages/44/16/29e6d01b388bef055ecd6ca8244b3f4d336bd09e92d5d892187b9601084e/cffi-2.1.1-cp315-cp315-manylinux2014_x86_64.manylinux_2_17_x86_64.whl", hash = "sha256:aeae0e330c9f6acd681f647d46cefd30c29f93e3392882e792e82080c9691399", size = 221630, upload-time = "2026-08-03T21:20:57.336Z" },
    { url = "https://files.pythonhosted.org/packages/a4/18/fa7f1f6857d5eb88a4ca99ffcbfb7c387a287ccc154c64a73e86314745d7/cffi-2.1.1-cp315-cp315-musllinux_1_2_aarch64.whl", hash = "sha256:42a494cee34437f05546455144f2b5d9ac09b1face62bcfce597d2e521066688", size = 225134, upload-time = "2026-08-03T21:20:58.675Z" },
    { url = "https://files.pythonhosted.org/packages/e0/9f/e8e3dfa04a1b4c241f8c91faacad872b4d4efd051d49764ad4e2fd4b9fea/cffi-2.1.1-cp315-cp315-musllinux_1_2_x86_64.whl", hash = "sha256:cc572dace3f60ef98d7b12ff411d20f5362feb31a0439eab0085bbfd349982d7", size = 223197, upload-time = "2026-08-03T21:20:59.968Z" },
    { url = "https://files.pythonhosted.org/packages/f8/7e/8debeb04f1ab9fe2a6963964cd6f1aaf7192627b83926586a6a4e089c9fa/cffi-2.1.1-cp315-cp315-win32.whl", hash = "sha256:4f42141fc14250de6dde5ee7ea4432be017252d91f19c5ad043c084cea629cac", size = 177683, upload-time = "2026-08-03T21:21:14.901Z" },
    { url = "https://files.pythonhosted.org/packages/e0/31/5158704cc474ab65c1647932e88be78dc0873f47130e253be38bcaf13d01/cffi-2.1.1-cp315-cp315-win_amd64.whl", hash = "sha256:e6e8cff14d6fb0be70a09c0bdc58096f501952d04624ebf867e0e56da2df8960", size = 187897, upload-time = "2026-08-03T21:21:16.108Z" },
    { url = "https://files.pythonhosted.org/packages/cc/4b/b3a2da8570c704ffc0f9762cdc3ec0f02c8573798e0b5cf7f11c82bbb70f/cffi-2.1.1-cp315-cp315-win_arm64.whl", hash = "sha256:27350daa11d4f10c540e6e89dada4c54feb7256ad03e9a4dc075ebad7ba360d1", size = 182935, upload-time = "2026-08-03T21:21:17.271Z" },
    { url = "https://files.pythonhosted.org/packages/d0/ef/5443574510a1207e6f6bc38ba6e1f1de36cb48fef07b2728bb896a21f430/cffi-2.1.1-cp315-cp315t-macosx_10_15_x86_64.whl", hash = "sha256:c26608d2222fb1e94487e4a387d85f13eb55d5ed725cb25a0c589ac4ee60e7bc", size = 188464, upload-time = "2026-08-03T21:21:01.163Z" },
    { url = "https://files.pythonhosted.org/packages/7e/ae/a56fa8c4686ad50e148fcbc8d3ae0d03915ff5c30d795058988c24118cef/cffi-2.1.1-cp315-cp315t-macosx_11_0_arm64.whl", hash = "sha256:4be96343e422f2dfcd12ab5c9f5aebe03f82f737c6bffeca6830b3875cb44aab", size = 188262, upload-time = "2026-08-03T21:21:02.382Z" },
    { url = "https://files.pythonhosted.org/packages/53/b2/6187f46f2912276a3ae284076109cc5c8680482f11f766ccf26db4a86427/cffi-2.1.1-cp315-cp315t-manylinux2014_aarch64.manylinux_2_17_aarch64.whl", hash = "sha256:937c0052c05a31ca1daf18de3158eed4dbfcb9cc107adbea227728d647be701e", size = 223779, upload-time = "2026-08-03T21:21:03.553Z" },
    { url = "https://files.pythonhosted.org/packages/8a/f6/c3ad28bd19f77047a03084424fbd4cbe997303267c14423737324be0385d/cffi-2.1.1-cp315-cp315t-manylinux2014_ppc64le.manylinux_2_17_ppc64le.whl", hash = "sha256:df423d40ee8654634421812bc3b196da3f9bd7d32929da813f8394c4348a5358", size = 211520, upload-time = "2026-08-03T21:21:04.863Z" },
    { url = "https://files.pythonhosted.org/packages/a0/cd/ccac9013a5bd9fd764de118674ab9c805b5ca10c19270d90ee273f8b2240/cffi-2.1.1-cp315-cp315t-manylinux2014_s390x.manylinux_2_17_s390x.whl", hash = "sha256:a730a083190634c65cca36ba5f489531576ebd79bcd5c8e172130f6453127231", size = 210673, upload-time = "2026-08-03T21:21:06.223Z" },
    { url = "https://files.pythonhosted.org/packages/52/86/2976131c639aead931c5bee5aba67e4b09fbeb8018b6f282f70803f923a7/cffi-2.1.1-cp315-cp315t-manylinux2014_x86_64.manylinux_2_17_x86_64.whl", hash = "sha256:363e05fa78e15116c3c32c210ee36884fd6b9afa6d440e47112c3bd511d64cb6", size = 223835, upload-time = "2026-08-03T21:21:07.539Z" },
    { url = "https://files.pythonhosted.org/packages/ac/0c/33a7aeab2f9c76918c52e084beb39c570db3588133412929e8ec06fab90b/cffi-2.1.1-cp315-cp315t-musllinux_1_2_aarch64.whl", hash = "sha256:770de9db11e84213beec501cfcaa013b019820ca881e03344dea5844f7876d94", size = 226705, upload-time = "2026-08-03T21:21:08.774Z" },
    { url = "https://files.pythonhosted.org/packages/e3/26/2cde30fdde421130bfc18f70395731a6e6b2053c6a1978a5258ff04e72fa/cffi-2.1.1-cp315-cp315t-musllinux_1_2_x86_64.whl", hash = "sha256:7da0c5eff80f0197f3b3d1232ec5a682a9325f4ae9016a78f5f5ca35f9ced1f5", size = 225539, upload-time = "2026-08-03T21:21:09.911Z" },
    { url = "https://files.pythonhosted.org/packages/6d/cd/a361394c94b2129d604bb846f624a8e88255a3ee33129c434a00d715e64f/cffi-2.1.1-cp315-cp315t-win32.whl", hash = "sha256:06c72bb76605a4b0cd0aad6930b69d4baf7dd5d806cfc409b824191099700e66", size = 182707, upload-time = "2026-08-03T21:21:11.226Z" },
    { url = "https://files.pythonhosted.org/packages/9b/b5/ba2b299993c26577d529b6ae29841f9e15b9fcf004d65f423f4fcf94ade9/cffi-2.1.1-cp315-cp315t-win_amd64.whl", hash = "sha256:d9c275eaacd24aa73f94ffd6de08fc3f932424d8b6c376f4bed7cde376fe7bc3", size = 193772, upload-time = "2026-08-03T21:21:12.39Z" },
    { url = "https://files.pythonhosted.org/packages/aa/29/35e016098c814cd93de9cd320c66b5bfba14dc6ecedd3cb518fa7c408c69/cffi-2.1.1-cp315-cp315t-win_arm64.whl", hash = "sha256:d18e5ac0f2f03f4f518d3e23db0f0cad7faa1da8620e9c09461d443bbf6e6692", size = 186360, upload-time = "2026-08-03T21:21:13.636Z" },
]

[[package]]
name = "moonlapse"
version = "0.1.0"
source = { virtual = "." }
dependencies = [
    { name = "aiosqlite" },
    { name = "argon2-cffi" },
    { name = "websockets" },
]

[package.dev-dependencies]
dev = [
    { name = "sqlc-bin" },
]

[package.metadata]
requires-dist = [
    { name = "aiosqlite", specifier = ">=0.20.0" },
    { name = "argon2-cffi", specifier = ">=23.1.0" },
    { name = "websockets", specifier = ">=16.0" },
]

[package.metadata.requires-dev]
dev = [{ name = "sqlc-bin", specifier = ">=1.0.0" }]

[[package]]
name = "pycparser"
version = "3.0"
source = { registry = "https://pypi.org/simple" }
sdist = { url = "https://files.pythonhosted.org/packages/1b/7d/92392ff7815c21062bea51aa7b87d45576f649f16458d78b7cf94b9ab2e6/pycparser-3.0.tar.gz", hash = "sha256:600f49d217304a5902ac3c37e1281c9fe94e4d0489de643a9504c5cdfdfc6b29", size = 103492, upload-time = "2026-01-21T14:26:51.89Z" }
wheels = [
    { url = "https://files.pythonhosted.org/packages/0c/c3/44f3fbbfa403ea2a7c779186dc20772604442dde72947e7d01069cbe98e3/pycparser-3.0-py3-none-any.whl", hash = "sha256:b727414169a36b7d524c1c3e31839a521725078d7b2ff038656844266160a992", size = 48172, upload-time = "2026-01-21T14:26:50.693Z" },
]

[[package]]
name = "sqlc-bin"
version = "1.31.1.post1"
source = { registry = "https://pypi.org/simple" }
sdist = { url = "https://files.pythonhosted.org/packages/29/4e/62944acbd5c4a4773aa27e937484602b2f7a7b6d678a5c51982832bada69/sqlc_bin-1.31.1.post1.tar.gz", hash = "sha256:a898b2e79f49615bb96d6402b36c90ef65c81f1744568f9376eb9f3be25452af", size = 6208, upload-time = "2026-08-10T08:23:34.252Z" }
wheels = [
    { url = "https://files.pythonhosted.org/packages/f9/27/7fd250116ee674541a23ba1fae9eeff0689b3050fe64f05ebf0463993091/sqlc_bin-1.31.1.post1-py3-none-macosx_11_0_arm64.whl", hash = "sha256:7493fdc9dd16a330596fbdb1e91575b088b0a7e1b28e1cf510682e69937d133b", size = 14471638, upload-time = "2026-08-10T08:23:15.482Z" },
    { url = "https://files.pythonhosted.org/packages/e2/fc/5768b57c0626eea11feb18c2ee866e069c034e5fc1ac8668dc12a11d46c5/sqlc_bin-1.31.1.post1-py3-none-macosx_11_0_x86_64.whl", hash = "sha256:38f20286deb026d3de26025a0ca06f947d8551f6e45a88f3f629eb4a30b57921", size = 15917628, upload-time = "2026-08-10T08:23:19.228Z" },
    { url = "https://files.pythonhosted.org/packages/86/85/a09c3fb79953cd7875eeb6a96313d6a68894e562284a84750d498a2f2a27/sqlc_bin-1.31.1.post1-py3-none-manylinux_2_17_aarch64.manylinux2014_aarch64.musllinux_1_1_aarch64.whl", hash = "sha256:55307be3b16c4a43a021ba04203c2033c8fcd493722d039b5491942827fadc0f", size = 13633531, upload-time = "2026-08-10T08:23:22.258Z" },
    { url = "https://files.pythonhosted.org/packages/1e/9c/504173c47e63c831c5a8611319782526daa0b25324efa5b637104c5c78db/sqlc_bin-1.31.1.post1-py3-none-manylinux_2_17_x86_64.manylinux2014_x86_64.musllinux_1_1_x86_64.whl", hash = "sha256:0547da025ecd2136e5700f56e72194c227779a4843a3f4dd297ceed0f119557e", size = 15058706, upload-time = "2026-08-10T08:23:25.477Z" },
    { url = "https://files.pythonhosted.org/packages/1c/5a/15fa71eb49079305beb9ff94316fa21aef8243b7c9a2f977744c5ca52afb/sqlc_bin-1.31.1.post1-py3-none-win_amd64.whl", hash = "sha256:b4befd2178659e59237a4021455c20c85724a76d77ea23e8aabf20c0ec4ff1a8", size = 15385329, upload-time = "2026-08-10T08:23:28.866Z" },
    { url = "https://files.pythonhosted.org/packages/89/37/76f2bea89b55bef435df507ac8f88583f4c85ef0eb345b3f730e269ae9c8/sqlc_bin-1.31.1.post1-py3-none-win_arm64.whl", hash = "sha256:b59d93bab220ac0d029a95df5bbb846a6a21c125631a15209ecdaa7ab7b7a1dc", size = 13747963, upload-time = "2026-08-10T08:23:32.43Z" },
]

[[package]]
name = "websockets"
version = "17.0.1"
source = { registry = "https://pypi.org/simple" }
sdist = { url = "https://files.pythonhosted.org/packages/f7/96/e01084f83a64bcb3a27994bd0cb0db68ff29d9c6707fae37ec19b18ba990/websockets-17.0.1.tar.gz", hash = "sha256:5baa9bc0dfbae8c507e51c8cf1b6d4628086f7a87bbd3a9952bd5f035451f1cc", size = 183298, upload-time = "2026-07-31T11:31:27.665Z" }
wheels = [
    { url = "https://files.pythonhosted.org/packages/98/dc/cadab608924ac605647031472fb1f8792d7d4ea07565ba1899ec42028e0d/websockets-17.0.1-cp314-cp314-macosx_10_15_universal2.whl", hash = "sha256:53b90c00bc6201ab6695c7ff51a04d0e425514c37515e9eeecd2c1b978ac6c0e", size = 212640, upload-time = "2026-07-31T11:30:22.436Z" },
    { url = "https://files.pythonhosted.org/packages/16/7a/b034d13ca181211bbd58bb50835cb196a7784cd505b5a2079d4d03374f9f/websockets-17.0.1-cp314-cp314-macosx_10_15_x86_64.whl", hash = "sha256:5f33a649bfcb8312524173cc4bbafa7dbb236e18eee9aa31a1d324ca0ddda28c", size = 210332, upload-time = "2026-07-31T11:30:23.608Z" },
    { url = "https://files.pythonhosted.org/packages/2f/4d/943ede39b53744768edf1ed84a3f9401527388228a3d6c1249c02c3d6bd7/websockets-17.0.1-cp314-cp314-macosx_11_0_arm64.whl", hash = "sha256:cddc675ec31bca65473321f9a9794e488b43b3b8de5d02c8ef4810c5d5792163", size = 210546, upload-time = "2026-07-31T11:30:24.932Z" },
    { url = "https://files.pythonhosted.org/packages/cf/e3/88dc159d2ae66743c669443246243f28d873b0c5e58271b8cc1ca0440334/websockets-17.0.1-cp314-cp314-manylinux1_i686.manylinux_2_28_i686.manylinux_2_5_i686.whl", hash = "sha256:b3ff0ad440ad52dda64138f16895f66403f40192365e39b1010e889f289746b0", size = 219928, upload-time = "2026-07-31T11:30:26.221Z" },
    { url = "https://files.pythonhosted.org/packages/fe/f2/ff27eaefa15851a5cf7f004ab827a022bf2d6632cb520f89cb100db7e84b/websockets-17.0.1-cp314-cp314-manylinux1_x86_64.manylinux_2_28_x86_64.manylinux_2_5_x86_64.whl", hash = "sha256:72d7f2a5aeb4e82daa4ee18f125b4277f427033359be5c745ad709608446cc2c", size = 220279, upload-time = "2026-07-31T11:30:27.49Z" },
    { url = "https://files.pythonhosted.org/packages/19/2e/a5166149f363d2449c1cb2dde6486a245521979509d53b87a09f3e79662b/websockets-17.0.1-cp314-cp314-manylinux2014_aarch64.manylinux_2_17_aarch64.manylinux_2_28_aarch64.whl", hash = "sha256:6fd88365da261c53d3e943fb37e0d0721b9cde119f6b2e3fc84369b6ab234d63", size = 221525, upload-time = "2026-07-31T11:30:28.872Z" },
    { url = "https://files.pythonhosted.org/packages/9b/b5/f46931269b3ff3bde65d27c65ddb22f9bb8ce92ac2c6c4df0910128f6219/websockets-17.0.1-cp314-cp314-manylinux2014_armv7l.manylinux_2_17_armv7l.manylinux_2_31_armv7l.whl", hash = "sha256:ab9f962a5b64a5c3c845d556b7dc4e6fb683f7b67179f8205e814bb2e0213ffe", size = 222897, upload-time = "2026-07-31T11:30:30.164Z" },
    { url = "https://files.pythonhosted.org/packages/42/f4/deccf3439f35df953ec35e13fe07986821c5f1ab5785d69614283bdb9034/websockets-17.0.1-cp314-cp314-manylinux2014_ppc64le.manylinux_2_17_ppc64le.manylinux_2_28_ppc64le.whl", hash = "sha256:8c07f145d0b9e90cbd96035f31fb79199aef4da1872854e36ebeb258e3d57594", size = 222129, upload-time = "2026-07-31T11:30:31.489Z" },
    { url = "https://files.pythonhosted.org/packages/35/a5/e1b57a59da92ade37fd021567a17b518ea8267b28e5530075844cdb525fe/websockets-17.0.1-cp314-cp314-manylinux2014_s390x.manylinux_2_17_s390x.manylinux_2_28_s390x.whl", hash = "sha256:9f7747d3daa41a11f25f7cca5dc988fc51da97b311bed4c9d843860f79779283", size = 220875, upload-time = "2026-07-31T11:30:32.805Z" },
    { url = "https://files.pythonhosted.org/packages/f0/30/e7d0889c790a854156de424575fd67af79ddbaed9ff3157ae863dfd1c1dc/websockets-17.0.1-cp314-cp314-manylinux_2_31_riscv64.manylinux_2_39_riscv64.whl", hash = "sha256:2abb1ba0a5133b7d2ef3c1c9f4b0c1e8a101012dce0b594ab2b2888d9a64820e", size = 218160, upload-time = "2026-07-31T11:30:34.512Z" },
    { url = "https://files.pythonhosted.org/packages/09/2e/43db785d6ed9ae7594fae7b62bbc9cb4dfee2b015e06a1005f1e5ce283b6/websockets-17.0.1-cp314-cp314-musllinux_1_2_aarch64.whl", hash = "sha256:f3fd9a1f87f8f0f3f8e9f9bd0195f7516562d13f5b178db8c5784d1f60b60bed", size = 220951, upload-time = "2026-07-31T11:30:35.806Z" },
    { url = "https://files.pythonhosted.org/packages/eb/f5/4ac3cab3d5e8a830657a822f64a8910e3803229c6783e59c3fd9a3487427/websockets-17.0.1-cp314-cp314-musllinux_1_2_armv7l.whl", hash = "sha256:2bc14b481e05e331811108daa1aeb41a5e237a5564ef2f02ec5a356a0f102f78", size = 219460, upload-time = "2026-07-31T11:30:37.273Z" },
    { url = "https://files.pythonhosted.org/packages/03/0e/c3a4020673ffc17c82cf1a467835038a196a555d3b4f2a50f0f063cf8ccc/websockets-17.0.1-cp314-cp314-musllinux_1_2_i686.whl", hash = "sha256:57d2ee9b24b404ce75f3814f92073c0ed88106c950148d2427fe8d25ca254d1f", size = 220248, upload-time = "2026-07-31T11:30:38.527Z" },
    { url = "https://files.pythonhosted.org/packages/7d/87/e47a6a278cc1dfade38444c893ce18322943c25d4b780a74450d9d164be1/websockets-17.0.1-cp314-cp314-musllinux_1_2_ppc64le.whl", hash = "sha256:1b363bfd72a52c0658a3154a4cff219f15a474b35a235057d38853bf151acce7", size = 221421, upload-time = "2026-07-31T11:30:39.879Z" },
    { url = "https://files.pythonhosted.org/packages/da/8f/473d5fc4e3836e375b0233c6ef26777e6e5e3f7bfc84ccd524eae4090ed5/websockets-17.0.1-cp314-cp314-musllinux_1_2_riscv64.whl", hash = "sha256:10b1587c599fa0f2c89154587c80e0fda98ade6c9fa8c0260a2823fb1800b685", size = 218975, upload-time = "2026-07-31T11:30:41.192Z" },
    { url = "https://files.pythonhosted.org/packages/d4/b9/819ec2dcdf69031d7e9cab11247f3a6ff9bbc8c7c53ada1dbcb9055b227b/websockets-17.0.1-cp314-cp314-musllinux_1_2_s390x.whl", hash = "sha256:d7d72843691f50b91127c50688df10cb72ec6f4c4b1d7e2c11ab33b16acf8e51", size = 219925, upload-time = "2026-07-31T11:30:42.524Z" },
    { url = "https://files.pythonhosted.org/packages/85/b9/6c0da301f6118502e079cf92f4e864adf28e56b3f8c0f6085076ced7b876/websockets-17.0.1-cp314-cp314-musllinux_1_2_x86_64.whl", hash = "sha256:90973a3a00f23afdfd1c9b06fb84289bf0220f247ef8a62501a1967c7af54f7b", size = 220218, upload-time = "2026-07-31T11:30:44.04Z" },
    { url = "https://files.pythonhosted.org/packages/55/f9/cba32dc9dd856565263d6272f594255bd0e2781deb8cd982c026a54760ad/websockets-17.0.1-cp314-cp314-win32.whl", hash = "sha256:599b03beb77633bffc095334338fad79cafc2b01fbd58953838130a9ae967d7b", size = 212626, upload-time = "2026-07-31T11:30:45.579Z" },
    { url = "https://files.pythonhosted.org/packages/fa/95/91cdd8c192287d7ea741f37cf7d64fdc1a14410f06f73805e428a1a590af/websockets-17.0.1-cp314-cp314-win_amd64.whl", hash = "sha256:81ce19c6046ace11da7001781be7317bb1dc389f399af4b2ed962190f76f9add", size = 212969, upload-time = "2026-07-31T11:30:46.983Z" },
    { url = "https://files.pythonhosted.org/packages/8e/fd/8c98a1e431960661c5769ab1a4dd66494e87ab02d791cc79e51e0d9a289f/websockets-17.0.1-cp314-cp314-win_arm64.whl", hash = "sha256:efe0ae052a8d023b87198921e8a7ce1dc7768816bcd2fbc20df171ac73a04891", size = 212850, upload-time = "2026-07-31T11:30:48.304Z" },
    { url = "https://files.pythonhosted.org/packages/13/c1/142f5186ee7dc3beee0426b998a79e223e067b7689afcaa95890d64aa800/websockets-17.0.1-cp314-cp314t-macosx_10_15_universal2.whl", hash = "sha256:ab56439c9f74c52770690c7b2f616b3bf775cb3920453ee355ac765c032d8bbf", size = 212967, upload-time = "2026-07-31T11:30:49.688Z" },
    { url = "https://files.pythonhosted.org/packages/02/de/4b03ed316c9dee180365286c298219809ff247be39beeaaf9958b21167ab/websockets-17.0.1-cp314-cp314t-macosx_10_15_x86_64.whl", hash = "sha256:20a92f78ac8250984ed459faa9ca48c285adbfc0038ddc3fdac6046990a9c9ed", size = 210504, upload-time = "2026-07-31T11:30:50.987Z" },
    { url = "https://files.pythonhosted.org/packages/cd/d8/ad2b3e8f867e1e8cac3077e2f33ffb60b71bd763d6cfc71bd916f113c3bf/websockets-17.0.1-cp314-cp314t-macosx_11_0_arm64.whl", hash = "sha256:6a434e59962a4fb9016bea327e1d14d6cd67670ecfb8942b4f4a0c24036634ce", size = 210702, upload-time = "2026-07-31T11:30:52.261Z" },
    { url = "https://files.pythonhosted.org/packages/48/18/7a77a82ce9d6f831c07b176da3942f7e71acd0f115f3ecdb1d00a040eb01/websockets-17.0.1-cp314-cp314t-manylinux1_i686.manylinux_2_28_i686.manylinux_2_5_i686.whl", hash = "sha256:2503c7e2a5049a12d5dac917a46d5d52591283a766165b8176bb167560421b38", size = 220290, upload-time = "2026-07-31T11:30:53.582Z" },
    { url = "https://files.pythonhosted.org/packages/f5/af/43c3e3c3ea7ba4693c2181743f3221957df28bededadcbd9fc8a0661bde0/websockets-17.0.1-cp314-cp314t-manylinux1_x86_64.manylinux_2_28_x86_64.manylinux_2_5_x86_64.whl", hash = "sha256:28012a54510fe8301bb893ef143cec30a2780a2d3bc20b7bbdf4379d7a63945d", size = 220573, upload-time = "2026-07-31T11:30:54.966Z" },
    { url = "https://files.pythonhosted.org/packages/1f/bd/ed48eca15725743ee7e2dc172e15c61de29e85ec98dace7b14257f366836/websockets-17.0.1-cp314-cp314t-manylinux2014_aarch64.manylinux_2_17_aarch64.manylinux_2_28_aarch64.whl", hash = "sha256:22bd00f8bae2bccdb5dbe41e20f58ba44ca9fff0b4b561aaf39099c35da762ed", size = 221747, upload-time = "2026-07-31T11:30:56.762Z" },
    { url = "https://files.pythonhosted.org/packages/99/50/838deb7937a8225c4925dd4a977eafea473fabf444178a99de0bc7e92bb0/websockets-17.0.1-cp314-cp314t-manylinux2014_armv7l.manylinux_2_17_armv7l.manylinux_2_31_armv7l.whl", hash = "sha256:e98ec9ec61cce5bc4b8b218322ad090b0994eb060bb04da704c62ef0a3d864e6", size = 223891, upload-time = "2026-07-31T11:30:58.127Z" },
    { url = "https://files.pythonhosted.org/packages/f8/e9/657fb70c6eb6bcd01adfa5d2b06496e9911e1c1a8813d353b8c00f7591cd/websockets-17.0.1-cp314-cp314t-manylinux2014_ppc64le.manylinux_2_17_ppc64le.manylinux_2_28_ppc64le.whl", hash = "sha256:8e387adb0c692c6b5571bdeafc8ac9d1901ea30f10309134780b16ecd35e6605", size = 222317, upload-time = "2026-07-31T11:30:59.416Z" },
    { url = "https://files.pythonhosted.org/packages/07/4c/82cb722afa5428fed981331210c4c07600570db01bb1620579f655b5adaf/websockets-17.0.1-cp314-cp314t-manylinux2014_s390x.manylinux_2_17_s390x.manylinux_2_28_s390x.whl", hash = "sha256:bd1470d2c53fe53269bf5619da7725d30dd9b9693f1689f7a85eab8dea734442", size = 221047, upload-time = "2026-07-31T11:31:00.757Z" },
    { url = "https://files.pythonhosted.org/packages/90/84/bd6d67d6bc65f0de0cb50de55dab42f256a9876a351c4736522eb168fda0/websockets-17.0.1-cp314-cp314t-manylinux_2_31_riscv64.manylinux_2_39_riscv64.whl", hash = "sha256:884af729b8ab50486acd94d9768c2b60914bf39b579ebba0a5cb73bfdfd61fd2", size = 218626, upload-time = "2026-07-31T11:31:02.48Z" },
    { url = "https://files.pythonhosted.org/packages/96/cb/6a372c8553976f0d8f97f5115826ed47e34b3be6b8bf0d0249af249a7416/websockets-17.0.1-cp314-cp314t-musllinux_1_2_aarch64.whl", hash = "sha256:a60fa1a25cca1bcc2bf87b8d6be37a741f0a3239fb5e9cfb7a37173b68ffcf87", size = 221299, upload-time = "2026-07-31T11:31:03.795Z" },
    { url = "https://files.pythonhosted.org/packages/bc/31/f966e8472337974f74d788b3ef6c6f3b8b9a5f201efd16a843c91d269fa5/websockets-17.0.1-cp314-cp314t-musllinux_1_2_armv7l.whl", hash = "sha256:e8208f2729cba030ff872a92064c97584eeb9502f53d32a05a0f05d5a17ca6c6", size = 219789, upload-time = "2026-07-31T11:31:05.08Z" },
    { url = "https://files.pythonhosted.org/packages/57/34/404e83a6cc7b0efcac810b7041bffd72ff76900e6fd0aa45a26c92fb2ffe/websockets-17.0.1-cp314-cp314t-musllinux_1_2_i686.whl", hash = "sha256:54cdcaa56f5d3eafd57058f0fa4a3de93a310b43a3c4699f06efc4c0bd054a5a", size = 220678, upload-time = "2026-07-31T11:31:06.635Z" },
    { url = "https://files.pythonhosted.org/packages/e5/70/8946188c2a68d67251859b589a3634918cf7867bf0b891347a5ecaa43d30/websockets-17.0.1-cp314-cp314t-musllinux_1_2_ppc64le.whl", hash = "sha256:4d41c0a1d47a478bc432b3b9068097bee1ce0c5b19327ea6f75c2ab34ab1f2fb", size = 221697, upload-time = "2026-07-31T11:31:08.023Z" },
    { url = "https://files.pythonhosted.org/packages/04/16/ee73fc2083a2938ac6209f4ec804960496835b20a0068dbcfe8424957c04/websockets-17.0.1-cp314-cp314t-musllinux_1_2_riscv64.whl", hash = "sha256:f991247276797d0c61ab7770bc9791eadc16f683b4d83517f624932adc1a8bab", size = 219390, upload-time = "2026-07-31T11:31:09.378Z" },
    { url = "https://files.pythonhosted.org/packages/94/6a/d5f88033c69932af6cdaa72da62516ade47c257e3bf69f4c0ba5f40e12a2/websockets-17.0.1-cp314-cp314t-musllinux_1_2_s390x.whl", hash = "sha256:733e3cc7171fa1b899edbe725ef9382d0e960657dc1fd933f3281ae910c01dab", size = 220161, upload-time = "2026-07-31T11:31:10.915Z" },
    { url = "https://files.pythonhosted.org/packages/e1/2e/6183dd2c0370287ecf4afe0bb33aca364208e5e7b0e1a286adcaecc0c78b/websockets-17.0.1-cp314-cp314t-musllinux_1_2_x86_64.whl", hash = "sha256:810cb3fb5fa6e447216f4e82d9a85cb8aed0929ae3538153ddfe8a6e3121a58d", size = 220591, upload-time = "2026-07-31T11:31:12.289Z" },
    { url = "https://files.pythonhosted.org/packages/26/93/70f6516d85b9744f7eac224c4b1b9ef4e84133f80b53be02080cb1c3e663/websockets-17.0.1-cp314-cp314t-win32.whl", hash = "sha256:17ac37716c0244e82c9e384c41653c090b1864c6610224ca3857e7f7b58fce10", size = 212755, upload-time = "2026-07-31T11:31:13.883Z" },
    { url = "https://files.pythonhosted.org/packages/f1/2c/9d9c1da5a7ea9af307b386d25f64d1dead4729644198d2b92e36db5dfd41/websockets-17.0.1-cp314-cp314t-win_amd64.whl", hash = "sha256:bb31f42ea095ea826463c770829aa188a86c9a5c976b1467cbbf583c811de833", size = 213094, upload-time = "2026-07-31T11:31:15.367Z" },
    { url = "https://files.pythonhosted.org/packages/5b/24/a585e7573e128070605d003b5544729bcd58d9756c7e99d550818ca4b916/websockets-17.0.1-cp314-cp314t-win_arm64.whl", hash = "sha256:dbfae8e75b342e31fc6fd1a8bbb393b7cbb91d6cfd581650300a94381e7b7e2b", size = 213009, upload-time = "2026-07-31T11:31:16.776Z" },
    { url = "https://files.pythonhosted.org/packages/09/ce/3929538b2b9918f5eee623fbf3346893973191f6df93f19bbda097bd7bb7/websockets-17.0.1-py3-none-any.whl", hash = "sha256:c6be9cba65c65cc76dfa3d4619e359ff02a4476c74e179b215236c11a0b32345", size = 206718, upload-time = "2026-07-31T11:31:26.037Z" },
]
